
Microsoft Visual Studio Solution File, Format Version 12.00
# Visual Studio 15
VisualStudioVersion = 15.0.27428.2027
MinimumVisualStudioVersion = 10.0.40219.1
Project("{FAE04EC0-301F-11D3-BF4B-00C04F79EFBC}") = "WebApplication2", "WebApplication2\WebApplication2.csproj", "{BA8906D7-EFD2-4074-AD8E-BAD36E9CB1E0}"
EndProject
Global
	GlobalSection(SolutionConfigurationPlatforms) = preSolution
		Debug|Any CPU = Debug|Any CPU
		Release|Any CPU = Release|Any CPU
	EndGlobalSection
	GlobalSection(ProjectConfigurationPlatforms) = postSolution
		{BA8906D7-EFD2-4074-AD8E-BAD36E9CB1E0}.Debug|Any CPU.ActiveCfg = Debug|Any CPU
		{BA8906D7-EFD2-4074-AD8E-BAD36E9CB1E0}.Debug|Any CPU.Build.0 = Debug|Any CPU
		{BA8906D7-EFD2-4074-AD8E-BAD36E9CB1E0}.Release|Any CPU.ActiveCfg = Release|Any CPU
		{BA8906D7-EFD2-4074-AD8E-BAD36E9CB1E0}.Release|Any CPU.Build.0 = Release|Any CPU
	EndGlobalSection
	GlobalSection(SolutionProperties) = preSolution
		HideSolutionNode = FALSE
	EndGlobalSection
	GlobalSection(ExtensibilityGlobals) = postSolution
		SolutionGuid = {7859A799-A5E5-442C-AE39-938A55D96F89}
	EndGlobalSection
EndGlobal
